
Microsoft Visual Studio Solution File, Format Version 12.00
# Visual Studio 15
VisualStudioVersion = 15.0.27004.2006
MinimumVisualStudioVersion = 10.0.40219.1
Project("{FAE04EC0-301F-11D3-BF4B-00C04F79EFBC}") = "App3.Android", "App3\App3.Android\App3.Android.csproj", "{5415D0E7-D115-49CE-936D-E287D74AC9FE}"
EndProject
Project("{FAE04EC0-301F-11D3-BF4B-00C04F79EFBC}") = "App3", "App3\App3\App3.csproj", "{765AC51A-8C61-4D89-B092-32036D31447E}"
EndProject
Project("{FAE04EC0-301F-11D3-BF4B-00C04F79EFBC}") = "App3.UWP", "App3\App3.UWP\App3.UWP.csproj", "{93278E5B-14EF-410B-95B4-1987799EF8DF}"
EndProject
Project("{FAE04EC0-301F-11D3-BF4B-00C04F79EFBC}") = "App3.iOS", "App3\App3.iOS\App3.iOS.csproj", "{D0FBC534-432D-44EF-82C0-4AA4BBED87E2}"
EndProject
Global
	GlobalSection(SolutionConfigurationPlatforms) = preSolution
		Ad-Hoc|Any CPU = Ad-Hoc|Any CPU
		Ad-Hoc|ARM = Ad-Hoc|ARM
		Ad-Hoc|iPhone = Ad-Hoc|iPhone
		Ad-Hoc|iPhoneSimulator = Ad-Hoc|iPhoneSimulator
		Ad-Hoc|x64 = Ad-Hoc|x64
		Ad-Hoc|x86 = Ad-Hoc|x86
		AppStore|Any CPU = AppStore|Any CPU
		AppStore|ARM = AppStore|ARM
		AppStore|iPhone = AppStore|iPhone
		AppStore|iPhoneSimulator = AppStore|iPhoneSimulator
		AppStore|x64 = AppStore|x64
		AppStore|x86 = AppStore|x86
		Debug|Any CPU = Debug|Any CPU
		Debug|ARM = Debug|ARM
		Debug|iPhone = Debug|iPhone
		Debug|iPhoneSimulator = Debug|iPhoneSimulator
		Debug|x64 = Debug|x64
		Debug|x86 = Debug|x86
		Release|Any CPU = Release|Any CPU
		Release|ARM = Release|ARM
		Release|iPhone = Release|iPhone
		Release|iPhoneSimulator = Release|iPhoneSimulator
		Release|x64 = Release|x64
		Release|x86 = Release|x86
	EndGlobalSection
	GlobalSection(ProjectConfigurationPlatforms) = postSolution
		{5415D0E7-D115-49CE-936D-E287D74AC9FE}.Ad-Hoc|Any CPU.ActiveCfg = Release|Any CPU
		{5415D0E7-D115-49CE-936D-E287D74AC9FE}.Ad-Hoc|Any CPU.Build.0 = Release|Any CPU
		{5415D0E7-D115-49CE-936D-E287D74AC9FE}.Ad-Hoc|Any CPU.Deploy.0 = Release|Any CPU
		{5415D0E7-D115-49CE-936D-E287D74AC9FE}.Ad-Hoc|ARM.ActiveCfg = Release|Any CPU
		{5415D0E7-D115-49CE-936D-E287D74AC9FE}.Ad-Hoc|ARM.Build.0 = Release|Any CPU
		{5415D0E7-D115-49CE-936D-E287D74AC9FE}.Ad-Hoc|ARM.Deploy.0 = Release|Any CPU
		{5415D0E7-D115-49CE-936D-E287D74AC9FE}.Ad-Hoc|iPhone.ActiveCfg = Release|Any CPU
		{5415D0E7-D115-49CE-936D-E287D74AC9FE}.Ad-Hoc|iPhone.Build.0 = Release|Any CPU
		{5415D0E7-D115-49CE-936D-E287D74AC9FE}.Ad-Hoc|iPhone.Deploy.0 = Release|Any CPU
		{5415D0E7-D115-49CE-936D-E287D74AC9FE}.Ad-Hoc|iPhoneSimulator.ActiveCfg = Release|Any CPU
		{5415D0E7-D115-49CE-936D-E287D74AC9FE}.Ad-Hoc|iPhoneSimulator.Build.0 = Release|Any CPU
		{5415D0E7-D115-49CE-936D-E287D74AC9FE}.Ad-Hoc|iPhoneSimulator.Deploy.0 = Release|Any CPU
		{5415D0E7-D115-49CE-936D-E287D74AC9FE}.Ad-Hoc|x64.ActiveCfg = Release|Any CPU
		{5415D0E7-D115-49CE-936D-E287D74AC9FE}.Ad-Hoc|x64.Build.0 = Release|Any CPU
		{5415D0E7-D115-49CE-936D-E287D74AC9FE}.Ad-Hoc|x64.Deploy.0 = Release|Any CPU
		{5415D0E7-D115-49CE-936D-E287D74AC9FE}.Ad-Hoc|x86.ActiveCfg = Release|Any CPU
		{5415D0E7-D115-49CE-936D-E287D74AC9FE}.Ad-Hoc|x86.Build.0 = Release|Any CPU
		{5415D0E7-D115-49CE-936D-E287D74AC9FE}.Ad-Hoc|x86.Deploy.0 = Release|Any CPU
		{5415D0E7-D115-49CE-936D-E287D74AC9FE}.AppStore|Any CPU.ActiveCfg = Release|Any CPU
		{5415D0E7-D115-49CE-936D-E287D74AC9FE}.AppStore|Any CPU.Build.0 = Release|Any CPU
		{5415D0E7-D115-49CE-936D-E287D74AC9FE}.AppStore|Any CPU.Deploy.0 = Release|Any CPU
		{5415D0E7-D115-49CE-936D-E287D74AC9FE}.AppStore|ARM.ActiveCfg = Release|Any CPU
		{5415D0E7-D115-49CE-936D-E287D74AC9FE}.AppStore|ARM.Build.0 = Release|Any CPU
		{5415D0E7-D115-49CE-936D-E287D74AC9FE}.AppStore|ARM.Deploy.0 = Release|Any CPU
		{5415D0E7-D115-49CE-936D-E287D74AC9FE}.AppStore|iPhone.ActiveCfg = Release|Any CPU
		{5415D0E7-D115-49CE-936D-E287D74AC9FE}.AppStore|iPhone.Build.0 = Release|Any CPU
		{5415D0E7-D115-49CE-936D-E287D74AC9FE}.AppStore|iPhone.Deploy.0 = Release|Any CPU
		{5415D0E7-D115-49CE-936D-E287D74AC9FE}.AppStore|iPhoneSimulator.ActiveCfg = Release|Any CPU
		{5415D0E7-D115-49CE-936D-E287D74AC9FE}.AppStore|iPhoneSimulator.Build.0 = Release|Any CPU
		{5415D0E7-D115-49CE-936D-E287D74AC9FE}.AppStore|iPhoneSimulator.Deploy.0 = Release|Any CPU
		{5415D0E7-D115-49CE-936D-E287D74AC9FE}.AppStore|x64.ActiveCfg = Release|Any CPU
		{5415D0E7-D115-49CE-936D-E287D74AC9FE}.AppStore|x64.Build.0 = Release|Any CPU
		{5415D0E7-D115-49CE-936D-E287D74AC9FE}.AppStore|x64.Deploy.0 = Release|Any CPU
		{5415D0E7-D115-49CE-936D-E287D74AC9FE}.AppStore|x86.ActiveCfg = Release|Any CPU
		{5415D0E7-D115-49CE-936D-E287D74AC9FE}.AppStore|x86.Build.0 = Release|Any CPU
		{5415D0E7-D115-49CE-936D-E287D74AC9FE}.AppStore|x86.Deploy.0 = Release|Any CPU
		{5415D0E7-D115-49CE-936D-E287D74AC9FE}.Debug|Any CPU.ActiveCfg = Debug|Any CPU
		{5415D0E7-D115-49CE-936D-E287D74AC9FE}.Debug|Any CPU.Build.0 = Debug|Any CPU
		{5415D0E7-D115-49CE-936D-E287D74AC9FE}.Debug|Any CPU.Deploy.0 = Debug|Any CPU
		{5415D0E7-D115-49CE-936D-E287D74AC9FE}.Debug|ARM.ActiveCfg = Debug|Any CPU
		{5415D0E7-D115-49CE-936D-E287D74AC9FE}.Debug|ARM.Build.0 = Debug|Any CPU
		{5415D0E7-D115-49CE-936D-E287D74AC9FE}.Debug|ARM.Deploy.0 = Debug|Any CPU
		{5415D0E7-D115-49CE-936D-E287D74AC9FE}.Debug|iPhone.ActiveCfg = Debug|Any CPU
		{5415D0E7-D115-49CE-936D-E287D74AC9FE}.Debug|iPhone.Build.0 = Debug|Any CPU
		{5415D0E7-D115-49CE-936D-E287D74AC9FE}.Debug|iPhone.Deploy.0 = Debug|Any CPU
		{5415D0E7-D115-49CE-936D-E287D74AC9FE}.Debug|iPhoneSimulator.ActiveCfg = Debug|Any CPU
		{5415D0E7-D115-49CE-936D-E287D74AC9FE}.Debug|iPhoneSimulator.Build.0 = Debug|Any CPU
		{5415D0E7-D115-49CE-936D-E287D74AC9FE}.Debug|iPhoneSimulator.Deploy.0 = Debug|Any CPU
		{5415D0E7-D115-49CE-936D-E287D74AC9FE}.Debug|x64.ActiveCfg = Debug|Any CPU
		{5415D0E7-D115-49CE-936D-E287D74AC9FE}.Debug|x64.Build.0 = Debug|Any CPU
		{5415D0E7-D115-49CE-936D-E287D74AC9FE}.Debug|x64.Deploy.0 = Debug|Any CPU
		{5415D0E7-D115-49CE-936D-E287D74AC9FE}.Debug|x86.ActiveCfg = Debug|Any CPU
		{5415D0E7-D115-49CE-936D-E287D74AC9FE}.Debug|x86.Build.0 = Debug|Any CPU
		{5415D0E7-D115-49CE-936D-E287D74AC9FE}.Debug|x86.Deploy.0 = Debug|Any CPU
		{5415D0E7-D115-49CE-936D-E287D74AC9FE}.Release|Any CPU.ActiveCfg = Release|Any CPU
		{5415D0E7-D115-49CE-936D-E287D74AC9FE}.Release|Any CPU.Build.0 = Release|Any CPU
		{5415D0E7-D115-49CE-936D-E287D74AC9FE}.Release|Any CPU.Deploy.0 = Release|Any CPU
		{5415D0E7-D115-49CE-936D-E287D74AC9FE}.Release|ARM.ActiveCfg = Release|Any CPU
		{5415D0E7-D115-49CE-936D-E287D74AC9FE}.Release|ARM.Build.0 = Release|Any CPU
		{5415D0E7-D115-49CE-936D-E287D74AC9FE}.Release|ARM.Deploy.0 = Release|Any CPU
		{5415D0E7-D115-49CE-936D-E287D74AC9FE}.Release|iPhone.ActiveCfg = Release|Any CPU
		{5415D0E7-D115-49CE-936D-E287D74AC9FE}.Release|iPhone.Build.0 = Release|Any CPU
		{5415D0E7-D115-49CE-936D-E287D74AC9FE}.Release|iPhone.Deploy.0 = Release|Any CPU
		{5415D0E7-D115-49CE-936D-E287D74AC9FE}.Release|iPhoneSimulator.ActiveCfg = Release|Any CPU
		{5415D0E7-D115-49CE-936D-E287D74AC9FE}.Release|iPhoneSimulator.Build.0 = Release|Any CPU
		{5415D0E7-D115-49CE-936D-E287D74AC9FE}.Release|iPhoneSimulator.Deploy.0 = Release|Any CPU
		{5415D0E7-D115-49CE-936D-E287D74AC9FE}.Release|x64.ActiveCfg = Release|Any CPU
		{5415D0E7-D115-49CE-936D-E287D74AC9FE}.Release|x64.Build.0 = Release|Any CPU
		{5415D0E7-D115-49CE-936D-E287D74AC9FE}.Release|x64.Deploy.0 = Release|Any CPU
		{5415D0E7-D115-49CE-936D-E287D74AC9FE}.Release|x86.ActiveCfg = Release|Any CPU
		{5415D0E7-D115-49CE-936D-E287D74AC9FE}.Release|x86.Build.0 = Release|Any CPU
		{5415D0E7-D115-49CE-936D-E287D74AC9FE}.Release|x86.Deploy.0 = Release|Any CPU
		{765AC51A-8C61-4D89-B092-32036D31447E}.Ad-Hoc|Any CPU.ActiveCfg = Release|Any CPU
		{765AC51A-8C61-4D89-B092-32036D31447E}.Ad-Hoc|Any CPU.Build.0 = Release|Any CPU
		{765AC51A-8C61-4D89-B092-32036D31447E}.Ad-Hoc|ARM.ActiveCfg = Release|Any CPU
		{765AC51A-8C61-4D89-B092-32036D31447E}.Ad-Hoc|ARM.Build.0 = Release|Any CPU
		{765AC51A-8C61-4D89-B092-32036D31447E}.Ad-Hoc|iPhone.ActiveCfg = Release|Any CPU
		{765AC51A-8C61-4D89-B092-32036D31447E}.Ad-Hoc|iPhone.Build.0 = Release|Any CPU
		{765AC51A-8C61-4D89-B092-32036D31447E}.Ad-Hoc|iPhoneSimulator.ActiveCfg = Release|Any CPU
		{765AC51A-8C61-4D89-B092-32036D31447E}.Ad-Hoc|iPhoneSimulator.Build.0 = Release|Any CPU
		{765AC51A-8C61-4D89-B092-32036D31447E}.Ad-Hoc|x64.ActiveCfg = Release|Any CPU
		{765AC51A-8C61-4D89-B092-32036D31447E}.Ad-Hoc|x64.Build.0 = Release|Any CPU
		{765AC51A-8C61-4D89-B092-32036D31447E}.Ad-Hoc|x86.ActiveCfg = Release|Any CPU
		{765AC51A-8C61-4D89-B092-32036D31447E}.Ad-Hoc|x86.Build.0 = Release|Any CPU
		{765AC51A-8C61-4D89-B092-32036D31447E}.AppStore|Any CPU.ActiveCfg = Release|Any CPU
		{765AC51A-8C61-4D89-B092-32036D31447E}.AppStore|Any CPU.Build.0 = Release|Any CPU
		{765AC51A-8C61-4D89-B092-32036D31447E}.AppStore|ARM.ActiveCfg = Release|Any CPU
		{765AC51A-8C61-4D89-B092-32036D31447E}.AppStore|ARM.Build.0 = Release|Any CPU
		{765AC51A-8C61-4D89-B092-32036D31447E}.AppStore|iPhone.ActiveCfg = Release|Any CPU
		{765AC51A-8C61-4D89-B092-32036D31447E}.AppStore|iPhone.Build.0 = Release|Any CPU
		{765AC51A-8C61-4D89-B092-32036D31447E}.AppStore|iPhoneSimulator.ActiveCfg = Release|Any CPU
		{765AC51A-8C61-4D89-B092-32036D31447E}.AppStore|iPhoneSimulator.Build.0 = Release|Any CPU
		{765AC51A-8C61-4D89-B092-32036D31447E}.AppStore|x64.ActiveCfg = Release|Any CPU
		{765AC51A-8C61-4D89-B092-32036D31447E}.AppStore|x64.Build.0 = Release|Any CPU
		{765AC51A-8C61-4D89-B092-32036D31447E}.AppStore|x86.ActiveCfg = Release|Any CPU
		{765AC51A-8C61-4D89-B092-32036D31447E}.AppStore|x86.Build.0 = Release|Any CPU
		{765AC51A-8C61-4D89-B092-32036D31447E}.Debug|Any CPU.ActiveCfg = Debug|Any CPU
		{765AC51A-8C61-4D89-B092-32036D31447E}.Debug|Any CPU.Build.0 = Debug|Any CPU
		{765AC51A-8C61-4D89-B092-32036D31447E}.Debug|ARM.ActiveCfg = Debug|Any CPU
		{765AC51A-8C61-4D89-B092-32036D31447E}.Debug|ARM.Build.0 = Debug|Any CPU
		{765AC51A-8C61-4D89-B092-32036D31447E}.Debug|iPhone.ActiveCfg = Debug|Any CPU
		{765AC51A-8C61-4D89-B092-32036D31447E}.Debug|iPhone.Build.0 = Debug|Any CPU
		{765AC51A-8C61-4D89-B092-32036D31447E}.Debug|iPhoneSimulator.ActiveCfg = Debug|Any CPU
		{765AC51A-8C61-4D89-B092-32036D31447E}.Debug|iPhoneSimulator.Build.0 = Debug|Any CPU
		{765AC51A-8C61-4D89-B092-32036D31447E}.Debug|x64.ActiveCfg = Debug|Any CPU
		{765AC51A-8C61-4D89-B092-32036D31447E}.Debug|x64.Build.0 = Debug|Any CPU
		{765AC51A-8C61-4D89-B092-32036D31447E}.Debug|x86.ActiveCfg = Debug|Any CPU
		{765AC51A-8C61-4D89-B092-32036D31447E}.Debug|x86.Build.0 = Debug|Any CPU
		{765AC51A-8C61-4D89-B092-32036D31447E}.Release|Any CPU.ActiveCfg = Release|Any CPU
		{765AC51A-8C61-4D89-B092-32036D31447E}.Release|Any CPU.Build.0 = Release|Any CPU
		{765AC51A-8C61-4D89-B092-32036D31447E}.Release|ARM.ActiveCfg = Release|Any CPU
		{765AC51A-8C61-4D89-B092-32036D31447E}.Release|ARM.Build.0 = Release|Any CPU
		{765AC51A-8C61-4D89-B092-32036D31447E}.Release|iPhone.ActiveCfg = Release|Any CPU
		{765AC51A-8C61-4D89-B092-32036D31447E}.Release|iPhone.Build.0 = Release|Any CPU
		{765AC51A-8C61-4D89-B092-32036D31447E}.Release|iPhoneSimulator.ActiveCfg = Release|Any CPU
		{765AC51A-8C61-4D89-B092-32036D31447E}.Release|iPhoneSimulator.Build.0 = Release|Any CPU
		{765AC51A-8C61-4D89-B092-32036D31447E}.Release|x64.ActiveCfg = Release|Any CPU
		{765AC51A-8C61-4D89-B092-32036D31447E}.Release|x64.Build.0 = Release|Any CPU
		{765AC51A-8C61-4D89-B092-32036D31447E}.Release|x86.ActiveCfg = Release|Any CPU
		{765AC51A-8C61-4D89-B092-32036D31447E}.Release|x86.Build.0 = Release|Any CPU
		{93278E5B-14EF-410B-95B4-1987799EF8DF}.Ad-Hoc|Any CPU.ActiveCfg = Release|x86
		{93278E5B-14EF-410B-95B4-1987799EF8DF}.Ad-Hoc|Any CPU.Build.0 = Release|x86
		{93278E5B-14EF-410B-95B4-1987799EF8DF}.Ad-Hoc|Any CPU.Deploy.0 = Release|x86
		{93278E5B-14EF-410B-95B4-1987799EF8DF}.Ad-Hoc|ARM.ActiveCfg = Release|ARM
		{93278E5B-14EF-410B-95B4-1987799EF8DF}.Ad-Hoc|ARM.Build.0 = Release|ARM
		{93278E5B-14EF-410B-95B4-1987799EF8DF}.Ad-Hoc|ARM.Deploy.0 = Release|ARM
		{93278E5B-14EF-410B-95B4-1987799EF8DF}.Ad-Hoc|iPhone.ActiveCfg = Release|x86
		{93278E5B-14EF-410B-95B4-1987799EF8DF}.Ad-Hoc|iPhone.Build.0 = Release|x86
		{93278E5B-14EF-410B-95B4-1987799EF8DF}.Ad-Hoc|iPhone.Deploy.0 = Release|x86
		{93278E5B-14EF-410B-95B4-1987799EF8DF}.Ad-Hoc|iPhoneSimulator.ActiveCfg = Release|x86
		{93278E5B-14EF-410B-95B4-1987799EF8DF}.Ad-Hoc|iPhoneSimulator.Build.0 = Release|x86
		{93278E5B-14EF-410B-95B4-1987799EF8DF}.Ad-Hoc|iPhoneSimulator.Deploy.0 = Release|x86
		{93278E5B-14EF-410B-95B4-1987799EF8DF}.Ad-Hoc|x64.ActiveCfg = Release|x64
		{93278E5B-14EF-410B-95B4-1987799EF8DF}.Ad-Hoc|x64.Build.0 = Release|x64
		{93278E5B-14EF-410B-95B4-1987799EF8DF}.Ad-Hoc|x64.Deploy.0 = Release|x64
		{93278E5B-14EF-410B-95B4-1987799EF8DF}.Ad-Hoc|x86.ActiveCfg = Release|x86
		{93278E5B-14EF-410B-95B4-1987799EF8DF}.Ad-Hoc|x86.Build.0 = Release|x86
		{93278E5B-14EF-410B-95B4-1987799EF8DF}.Ad-Hoc|x86.Deploy.0 = Release|x86
		{93278E5B-14EF-410B-95B4-1987799EF8DF}.AppStore|Any CPU.ActiveCfg = Release|x86
		{93278E5B-14EF-410B-95B4-1987799EF8DF}.AppStore|Any CPU.Build.0 = Release|x86
		{93278E5B-14EF-410B-95B4-1987799EF8DF}.AppStore|Any CPU.Deploy.0 = Release|x86
		{93278E5B-14EF-410B-95B4-1987799EF8DF}.AppStore|ARM.ActiveCfg = Release|ARM
		{93278E5B-14EF-410B-95B4-1987799EF8DF}.AppStore|ARM.Build.0 = Release|ARM
		{93278E5B-14EF-410B-95B4-1987799EF8DF}.AppStore|ARM.Deploy.0 = Release|ARM
		{93278E5B-14EF-410B-95B4-1987799EF8DF}.AppStore|iPhone.ActiveCfg = Release|x86
		{93278E5B-14EF-410B-95B4-1987799EF8DF}.AppStore|iPhone.Build.0 = Release|x86
		{93278E5B-14EF-410B-95B4-1987799EF8DF}.AppStore|iPhone.Deploy.0 = Release|x86
		{93278E5B-14EF-410B-95B4-1987799EF8DF}.AppStore|iPhoneSimulator.ActiveCfg = Release|x86
		{93278E5B-14EF-410B-95B4-1987799EF8DF}.AppStore|iPhoneSimulator.Build.0 = Release|x86
		{93278E5B-14EF-410B-95B4-1987799EF8DF}.AppStore|iPhoneSimulator.Deploy.0 = Release|x86
		{93278E5B-14EF-410B-95B4-1987799EF8DF}.AppStore|x64.ActiveCfg = Release|x64
		{93278E5B-14EF-410B-95B4-1987799EF8DF}.AppStore|x64.Build.0 = Release|x64
		{93278E5B-14EF-410B-95B4-1987799EF8DF}.AppStore|x64.Deploy.0 = Release|x64
		{93278E5B-14EF-410B-95B4-1987799EF8DF}.AppStore|x86.ActiveCfg = Release|x86
		{93278E5B-14EF-410B-95B4-1987799EF8DF}.AppStore|x86.Build.0 = Release|x86
		{93278E5B-14EF-410B-95B4-1987799EF8DF}.AppStore|x86.Deploy.0 = Release|x86
		{93278E5B-14EF-410B-95B4-1987799EF8DF}.Debug|Any CPU.ActiveCfg = Debug|x86
		{93278E5B-14EF-410B-95B4-1987799EF8DF}.Debug|ARM.ActiveCfg = Debug|ARM
		{93278E5B-14EF-410B-95B4-1987799EF8DF}.Debug|ARM.Build.0 = Debug|ARM
		{93278E5B-14EF-410B-95B4-1987799EF8DF}.Debug|ARM.Deploy.0 = Debug|ARM
		{93278E5B-14EF-410B-95B4-1987799EF8DF}.Debug|iPhone.ActiveCfg = Debug|x86
		{93278E5B-14EF-410B-95B4-1987799EF8DF}.Debug|iPhoneSimulator.ActiveCfg = Debug|x86
		{93278E5B-14EF-410B-95B4-1987799EF8DF}.Debug|x64.ActiveCfg = Debug|x64
		{93278E5B-14EF-410B-95B4-1987799EF8DF}.Debug|x64.Build.0 = Debug|x64
		{93278E5B-14EF-410B-95B4-1987799EF8DF}.Debug|x64.Deploy.0 = Debug|x64
		{93278E5B-14EF-410B-95B4-1987799EF8DF}.Debug|x86.ActiveCfg = Debug|x86
		{93278E5B-14EF-410B-95B4-1987799EF8DF}.Debug|x86.Build.0 = Debug|x86
		{93278E5B-14EF-410B-95B4-1987799EF8DF}.Debug|x86.Deploy.0 = Debug|x86
		{93278E5B-14EF-410B-95B4-1987799EF8DF}.Release|Any CPU.ActiveCfg = Release|x86
		{93278E5B-14EF-410B-95B4-1987799EF8DF}.Release|ARM.ActiveCfg = Release|ARM
		{93278E5B-14EF-410B-95B4-1987799EF8DF}.Release|ARM.Build.0 = Release|ARM
		{93278E5B-14EF-410B-95B4-1987799EF8DF}.Release|ARM.Deploy.0 = Release|ARM
		{93278E5B-14EF-410B-95B4-1987799EF8DF}.Release|iPhone.ActiveCfg = Release|x86
		{93278E5B-14EF-410B-95B4-1987799EF8DF}.Release|iPhoneSimulator.ActiveCfg = Release|x86
		{93278E5B-14EF-410B-95B4-1987799EF8DF}.Release|x64.ActiveCfg = Release|x64
		{93278E5B-14EF-410B-95B4-1987799EF8DF}.Release|x64.Build.0 = Release|x64
		{93278E5B-14EF-410B-95B4-1987799EF8DF}.Release|x64.Deploy.0 = Release|x64
		{93278E5B-14EF-410B-95B4-1987799EF8DF}.Release|x86.ActiveCfg = Release|x86
		{93278E5B-14EF-410B-95B4-1987799EF8DF}.Release|x86.Build.0 = Release|x86
		{93278E5B-14EF-410B-95B4-1987799EF8DF}.Release|x86.Deploy.0 = Release|x86
		{D0FBC534-432D-44EF-82C0-4AA4BBED87E2}.Ad-Hoc|Any CPU.ActiveCfg = Ad-Hoc|iPhoneSimulator
		{D0FBC534-432D-44EF-82C0-4AA4BBED87E2}.Ad-Hoc|ARM.ActiveCfg = Ad-Hoc|iPhone
		{D0FBC534-432D-44EF-82C0-4AA4BBED87E2}.Ad-Hoc|iPhone.ActiveCfg = Ad-Hoc|iPhone
		{D0FBC534-432D-44EF-82C0-4AA4BBED87E2}.Ad-Hoc|iPhone.Build.0 = Ad-Hoc|iPhone
		{D0FBC534-432D-44EF-82C0-4AA4BBED87E2}.Ad-Hoc|iPhoneSimulator.ActiveCfg = Ad-Hoc|iPhoneSimulator
		{D0FBC534-432D-44EF-82C0-4AA4BBED87E2}.Ad-Hoc|iPhoneSimulator.Build.0 = Ad-Hoc|iPhoneSimulator
		{D0FBC534-432D-44EF-82C0-4AA4BBED87E2}.Ad-Hoc|x64.ActiveCfg = Ad-Hoc|iPhone
		{D0FBC534-432D-44EF-82C0-4AA4BBED87E2}.Ad-Hoc|x86.ActiveCfg = Ad-Hoc|iPhone
		{D0FBC534-432D-44EF-82C0-4AA4BBED87E2}.AppStore|Any CPU.ActiveCfg = AppStore|iPhoneSimulator
		{D0FBC534-432D-44EF-82C0-4AA4BBED87E2}.AppStore|ARM.ActiveCfg = AppStore|iPhone
		{D0FBC534-432D-44EF-82C0-4AA4BBED87E2}.AppStore|iPhone.ActiveCfg = AppStore|iPhone
		{D0FBC534-432D-44EF-82C0-4AA4BBED87E2}.AppStore|iPhone.Build.0 = AppStore|iPhone
		{D0FBC534-432D-44EF-82C0-4AA4BBED87E2}.AppStore|iPhoneSimulator.ActiveCfg = AppStore|iPhoneSimulator
		{D0FBC534-432D-44EF-82C0-4AA4BBED87E2}.AppStore|iPhoneSimulator.Build.0 = AppStore|iPhoneSimulator
		{D0FBC534-432D-44EF-82C0-4AA4BBED87E2}.AppStore|x64.ActiveCfg = AppStore|iPhone
		{D0FBC534-432D-44EF-82C0-4AA4BBED87E2}.AppStore|x86.ActiveCfg = AppStore|iPhone
		{D0FBC534-432D-44EF-82C0-4AA4BBED87E2}.Debug|Any CPU.ActiveCfg = Debug|iPhoneSimulator
		{D0FBC534-432D-44EF-82C0-4AA4BBED87E2}.Debug|ARM.ActiveCfg = Debug|iPhone
		{D0FBC534-432D-44EF-82C0-4AA4BBED87E2}.Debug|iPhone.ActiveCfg = Debug|iPhone
		{D0FBC534-432D-44EF-82C0-4AA4BBED87E2}.Debug|iPhone.Build.0 = Debug|iPhone
		{D0FBC534-432D-44EF-82C0-4AA4BBED87E2}.Debug|iPhoneSimulator.ActiveCfg = Debug|iPhoneSimulator
		{D0FBC534-432D-44EF-82C0-4AA4BBED87E2}.Debug|iPhoneSimulator.Build.0 = Debug|iPhoneSimulator
		{D0FBC534-432D-44EF-82C0-4AA4BBED87E2}.Debug|x64.ActiveCfg = Debug|iPhone
		{D0FBC534-432D-44EF-82C0-4AA4BBED87E2}.Debug|x86.ActiveCfg = Debug|iPhone
		{D0FBC534-432D-44EF-82C0-4AA4BBED87E2}.Release|Any CPU.ActiveCfg = Release|iPhoneSimulator
		{D0FBC534-432D-44EF-82C0-4AA4BBED87E2}.Release|ARM.ActiveCfg = Release|iPhone
		{D0FBC534-432D-44EF-82C0-4AA4BBED87E2}.Release|iPhone.ActiveCfg = Release|iPhone
		{D0FBC534-432D-44EF-82C0-4AA4BBED87E2}.Release|iPhone.Build.0 = Release|iPhone
		{D0FBC534-432D-44EF-82C0-4AA4BBED87E2}.Release|iPhoneSimulator.ActiveCfg = Release|iPhoneSimulator
		{D0FBC534-432D-44EF-82C0-4AA4BBED87E2}.Release|iPhoneSimulator.Build.0 = Release|iPhoneSimulator
		{D0FBC534-432D-44EF-82C0-4AA4BBED87E2}.Release|x64.ActiveCfg = Release|iPhone
		{D0FBC534-432D-44EF-82C0-4AA4BBED87E2}.Release|x86.ActiveCfg = Release|iPhone
	EndGlobalSection
	GlobalSection(SolutionProperties) = preSolution
		HideSolutionNode = FALSE
	EndGlobalSection
	GlobalSection(ExtensibilityGlobals) = postSolution
		SolutionGuid = {F1A3824B-C976-495A-925C-3E04A6AE1A02}
	EndGlobalSection
EndGlobal
